
Microsoft Visual Studio Solution File, Format Version 12.00
# Visual Studio Version 16
VisualStudioVersion = 16.0.32413.511
MinimumVisualStudioVersion = 10.0.40219.1
Project("{FAE04EC0-301F-11D3-BF4B-00C04F79EFBC}") = "API", "API\API.csproj", "{7996515C-7CB4-4308-A4DF-2C6C66036523}"
EndProject
Project("{2150E333-8FDC-42A3-9474-1A3956D46DE8}") = "DAL", "DAL", "{95868B36-573E-4C1A-8EDA-D29A0C946724}"
EndProject
Project("{FAE04EC0-301F-11D3-BF4B-00C04F79EFBC}") = "DB", "DB\DB.csproj", "{60C0F6BA-803F-4AE4-BC16-B70B68812E1E}"
EndProject
Project("{2150E333-8FDC-42A3-9474-1A3956D46DE8}") = "DTO", "DTO", "{B50D3533-9320-4CE7-AB63-EAD4ADA36768}"
EndProject
Project("{FAE04EC0-301F-11D3-BF4B-00C04F79EFBC}") = "Model", "Model\Model.csproj", "{94E53C94-70FF-409D-8E6D-74C1EE60852F}"
EndProject
Global
	GlobalSection(SolutionConfigurationPlatforms) = preSolution
		Debug|Any CPU = Debug|Any CPU
		Release|Any CPU = Release|Any CPU
	EndGlobalSection
	GlobalSection(ProjectConfigurationPlatforms) = postSolution
		{7996515C-7CB4-4308-A4DF-2C6C66036523}.Debug|Any CPU.ActiveCfg = Debug|Any CPU
		{7996515C-7CB4-4308-A4DF-2C6C66036523}.Debug|Any CPU.Build.0 = Debug|Any CPU
		{7996515C-7CB4-4308-A4DF-2C6C66036523}.Release|Any CPU.ActiveCfg = Release|Any CPU
		{7996515C-7CB4-4308-A4DF-2C6C66036523}.Release|Any CPU.Build.0 = Release|Any CPU
		{60C0F6BA-803F-4AE4-BC16-B70B68812E1E}.Debug|Any CPU.ActiveCfg = Debug|Any CPU
		{60C0F6BA-803F-4AE4-BC16-B70B68812E1E}.Debug|Any CPU.Build.0 = Debug|Any CPU
		{60C0F6BA-803F-4AE4-BC16-B70B68812E1E}.Release|Any CPU.ActiveCfg = Release|Any CPU
		{60C0F6BA-803F-4AE4-BC16-B70B68812E1E}.Release|Any CPU.Build.0 = Release|Any CPU
		{94E53C94-70FF-409D-8E6D-74C1EE60852F}.Debug|Any CPU.ActiveCfg = Debug|Any CPU
		{94E53C94-70FF-409D-8E6D-74C1EE60852F}.Debug|Any CPU.Build.0 = Debug|Any CPU
		{94E53C94-70FF-409D-8E6D-74C1EE60852F}.Release|Any CPU.ActiveCfg = Release|Any CPU
		{94E53C94-70FF-409D-8E6D-74C1EE60852F}.Release|Any CPU.Build.0 = Release|Any CPU
	EndGlobalSection
	GlobalSection(SolutionProperties) = preSolution
		HideSolutionNode = FALSE
	EndGlobalSection
	GlobalSection(NestedProjects) = preSolution
		{60C0F6BA-803F-4AE4-BC16-B70B68812E1E} = {95868B36-573E-4C1A-8EDA-D29A0C946724}
		{94E53C94-70FF-409D-8E6D-74C1EE60852F} = {B50D3533-9320-4CE7-AB63-EAD4ADA36768}
	EndGlobalSection
	GlobalSection(ExtensibilityGlobals) = postSolution
		SolutionGuid = {A7E1DAAB-FAD9-430C-A51C-62C536815E81}
	EndGlobalSection
EndGlobal
